
Microsoft Visual Studio Solution File, Format Version 12.00
# Visual Studio Version 16
VisualStudioVersion = 16.0.31112.23
MinimumVisualStudioVersion = 10.0.40219.1
Project("{8BC9CEB8-8B4A-11D0-8D11-00A0C91BC942}") = "NetworkEngine", "NetworkEngine\NetworkEngine.vcxproj", "{C758ABF1-DB93-4F77-B009-3A6FD77B9887}"
	ProjectSection(ProjectDependencies) = postProject
		{2152B70F-57E0-4152-B8E1-64FDDE165170} = {2152B70F-57E0-4152-B8E1-64FDDE165170}
	EndProjectSection
EndProject
Project("{8BC9CEB8-8B4A-11D0-8D11-00A0C91BC942}") = "safe_pool", "safe_pool\safe_pool.vcxproj", "{2152B70F-57E0-4152-B8E1-64FDDE165170}"
EndProject
Project("{8BC9CEB8-8B4A-11D0-8D11-00A0C91BC942}") = "Logger", "Logger\Logger.vcxproj", "{0038D512-BC2E-463B-BF5D-F7EB8D0378D5}"
EndProject
Global
	GlobalSection(SolutionConfigurationPlatforms) = preSolution
		Debug|x64 = Debug|x64
		Release|x64 = Release|x64
	EndGlobalSection
	GlobalSection(ProjectConfigurationPlatforms) = postSolution
		{C758ABF1-DB93-4F77-B009-3A6FD77B9887}.Debug|x64.ActiveCfg = Debug|x64
		{C758ABF1-DB93-4F77-B009-3A6FD77B9887}.Debug|x64.Build.0 = Debug|x64
		{C758ABF1-DB93-4F77-B009-3A6FD77B9887}.Release|x64.ActiveCfg = Release|x64
		{C758ABF1-DB93-4F77-B009-3A6FD77B9887}.Release|x64.Build.0 = Release|x64
		{2152B70F-57E0-4152-B8E1-64FDDE165170}.Debug|x64.ActiveCfg = Debug|x64
		{2152B70F-57E0-4152-B8E1-64FDDE165170}.Debug|x64.Build.0 = Debug|x64
		{2152B70F-57E0-4152-B8E1-64FDDE165170}.Release|x64.ActiveCfg = Release|x64
		{2152B70F-57E0-4152-B8E1-64FDDE165170}.Release|x64.Build.0 = Release|x64
		{0038D512-BC2E-463B-BF5D-F7EB8D0378D5}.Debug|x64.ActiveCfg = Debug|x64
		{0038D512-BC2E-463B-BF5D-F7EB8D0378D5}.Debug|x64.Build.0 = Debug|x64
		{0038D512-BC2E-463B-BF5D-F7EB8D0378D5}.Release|x64.ActiveCfg = Release|x64
		{0038D512-BC2E-463B-BF5D-F7EB8D0378D5}.Release|x64.Build.0 = Release|x64
	EndGlobalSection
	GlobalSection(SolutionProperties) = preSolution
		HideSolutionNode = FALSE
	EndGlobalSection
	GlobalSection(ExtensibilityGlobals) = postSolution
		SolutionGuid = {D19407F8-577E-4895-987C-5A1E368C8916}
	EndGlobalSection
EndGlobal
